
Microsoft Visual Studio Solution File, Format Version 12.00
# Visual Studio Version 17
VisualStudioVersion = 17.13.35806.99 d17.13
MinimumVisualStudioVersion = 10.0.40219.1
Project("{FAE04EC0-301F-11D3-BF4B-00C04F79EFBC}") = "Praktek2", "Praktek2\Praktek2.csproj", "{67EA236A-EEEE-4C0A-A9CD-FDA43BE4A4A7}"
EndProject
Global
	GlobalSection(SolutionConfigurationPlatforms) = preSolution
		Debug|Any CPU = Debug|Any CPU
		Release|Any CPU = Release|Any CPU
	EndGlobalSection
	GlobalSection(ProjectConfigurationPlatforms) = postSolution
		{67EA236A-EEEE-4C0A-A9CD-FDA43BE4A4A7}.Debug|Any CPU.ActiveCfg = Debug|Any CPU
		{67EA236A-EEEE-4C0A-A9CD-FDA43BE4A4A7}.Debug|Any CPU.Build.0 = Debug|Any CPU
		{67EA236A-EEEE-4C0A-A9CD-FDA43BE4A4A7}.Release|Any CPU.ActiveCfg = Release|Any CPU
		{67EA236A-EEEE-4C0A-A9CD-FDA43BE4A4A7}.Release|Any CPU.Build.0 = Release|Any CPU
	EndGlobalSection
	GlobalSection(SolutionProperties) = preSolution
		HideSolutionNode = FALSE
	EndGlobalSection
	GlobalSection(ExtensibilityGlobals) = postSolution
		SolutionGuid = {CA5C7329-5032-43D3-85EA-818EBBA3EDE2}
	EndGlobalSection
EndGlobal
